
Microsoft Visual Studio Solution File, Format Version 12.00
# Visual Studio 15
VisualStudioVersion = 15.0.27703.2042
MinimumVisualStudioVersion = 10.0.40219.1
Project("{888888A0-9F3D-457C-B088-3A5042F75D52}") = "richMap", "richMap\richMap.pyproj", "{00C4EB3D-1507-4E2D-852F-E40283C8CF10}"
EndProject
Global
	GlobalSection(SolutionConfigurationPlatforms) = preSolution
		Debug|Any CPU = Debug|Any CPU
		Release|Any CPU = Release|Any CPU
	EndGlobalSection
	GlobalSection(ProjectConfigurationPlatforms) = postSolution
		{00C4EB3D-1507-4E2D-852F-E40283C8CF10}.Debug|Any CPU.ActiveCfg = Debug|Any CPU
		{00C4EB3D-1507-4E2D-852F-E40283C8CF10}.Release|Any CPU.ActiveCfg = Release|Any CPU
	EndGlobalSection
	GlobalSection(SolutionProperties) = preSolution
		HideSolutionNode = FALSE
	EndGlobalSection
	GlobalSection(ExtensibilityGlobals) = postSolution
		SolutionGuid = {A134D668-240A-4F2D-8B74-A8505D6166D5}
	EndGlobalSection
EndGlobal
